// !$*UTF8*$!
{
	archiveVersion = 1;
	classes = {
	};
	objectVersion = 46;
	objects = {

/* Begin PBXBuildFile section */
		ADEF60E61DC23D36008F8D27 /* WebViewJavascriptBridgeFramework.h in Headers */ = {isa = PBXBuildFile; fileRef = ADEF60E41DC23D36008F8D27 /* WebViewJavascriptBridgeFramework.h */; settings = {ATTRIBUTES = (Public, ); }; };
		ADEF60F41DC23D4B008F8D27 /* WebViewJavascriptBridge_JS.h in Headers */ = {isa = PBXBuildFile; fileRef = ADEF60EC1DC23D4B008F8D27 /* WebViewJavascriptBridge_JS.h */; };
		ADEF60F51DC23D4B008F8D27 /* WebViewJavascriptBridge_JS.m in Sources */ = {isa = PBXBuildFile; fileRef = ADEF60ED1DC23D4B008F8D27 /* WebViewJavascriptBridge_JS.m */; };
		ADEF60F61DC23D4B008F8D27 /* WebViewJavascriptBridge.h in Headers */ = {isa = PBXBuildFile; fileRef = ADEF60EE1DC23D4B008F8D27 /* WebViewJavascriptBridge.h */; settings = {ATTRIBUTES = (Public, ); }; };
		ADEF60F71DC23D4B008F8D27 /* WebViewJavascriptBridge.m in Sources */ = {isa = PBXBuildFile; fileRef = ADEF60EF1DC23D4B008F8D27 /* WebViewJavascriptBridge.m */; };
		ADEF60F81DC23D4B008F8D27 /* WebViewJavascriptBridgeBase.h in Headers */ = {isa = PBXBuildFile; fileRef = ADEF60F01DC23D4B008F8D27 /* WebViewJavascriptBridgeBase.h */; };
		ADEF60F91DC23D4B008F8D27 /* WebViewJavascriptBridgeBase.m in Sources */ = {isa = PBXBuildFile; fileRef = ADEF60F11DC23D4B008F8D27 /* WebViewJavascriptBridgeBase.m */; };
		ADEF60FA1DC23D4B008F8D27 /* WKWebViewJavascriptBridge.h in Headers */ = {isa = PBXBuildFile; fileRef = ADEF60F21DC23D4B008F8D27 /* WKWebViewJavascriptBridge.h */; settings = {ATTRIBUTES = (Public, ); }; };
		ADEF60FB1DC23D4B008F8D27 /* WKWebViewJavascriptBridge.m in Sources */ = {isa = PBXBuildFile; fileRef = ADEF60F31DC23D4B008F8D27 /* WKWebViewJavascriptBridge.m */; };
/* End PBXBuildFile section */

/* Begin PBXFileReference section */
		ADEF60E11DC23D36008F8D27 /* WebViewJavascriptBridgeFramework.framework */ = {isa = PBXFileReference; explicitFileType = wrapper.framework; includeInIndex = 0; path = WebViewJavascriptBridgeFramework.framework; sourceTree = BUILT_PRODUCTS_DIR; };
		ADEF60E41DC23D36008F8D27 /* WebViewJavascriptBridgeFramework.h */ = {isa = PBXFileReference; lastKnownFileType = sourcecode.c.h; path = WebViewJavascriptBridgeFramework.h; sourceTree = "<group>"; };
		ADEF60E51DC23D36008F8D27 /* Info.plist */ = {isa = PBXFileReference; lastKnownFileType = text.plist.xml; path = Info.plist; sourceTree = "<group>"; };
		ADEF60EC1DC23D4B008F8D27 /* WebViewJavascriptBridge_JS.h */ = {isa = PBXFileReference; fileEncoding = 4; lastKnownFileType = sourcecode.c.h; path = WebViewJavascriptBridge_JS.h; sourceTree = "<group>"; };
		ADEF60ED1DC23D4B008F8D27 /* WebViewJavascriptBridge_JS.m */ = {isa = PBXFileReference; fileEncoding = 4; lastKnownFileType = sourcecode.c.objc; path = WebViewJavascriptBridge_JS.m; sourceTree = "<group>"; };
		ADEF60EE1DC23D4B008F8D27 /* WebViewJavascriptBridge.h */ = {isa = PBXFileReference; fileEncoding = 4; lastKnownFileType = sourcecode.c.h; path = WebViewJavascriptBridge.h; sourceTree = "<group>"; };
		ADEF60EF1DC23D4B008F8D27 /* WebViewJavascriptBridge.m */ = {isa = PBXFileReference; fileEncoding = 4; lastKnownFileType = sourcecode.c.objc; path = WebViewJavascriptBridge.m; sourceTree = "<group>"; };
		ADEF60F01DC23D4B008F8D27 /* WebViewJavascriptBridgeBase.h */ = {isa = PBXFileReference; fileEncoding = 4; lastKnownFileType = sourcecode.c.h; path = WebViewJavascriptBridgeBase.h; sourceTree = "<group>"; };
		ADEF60F11DC23D4B008F8D27 /* WebViewJavascriptBridgeBase.m */ = {isa = PBXFileReference; fileEncoding = 4; lastKnownFileType = sourcecode.c.objc; path = WebViewJavascriptBridgeBase.m; sourceTree = "<group>"; };
		ADEF60F21DC23D4B008F8D27 /* WKWebViewJavascriptBridge.h */ = {isa = PBXFileReference; fileEncoding = 4; lastKnownFileType = sourcecode.c.h; path = WKWebViewJavascriptBridge.h; sourceTree = "<group>"; };
		ADEF60F31DC23D4B008F8D27 /* WKWebViewJavascriptBridge.m */ = {isa = PBXFileReference; fileEncoding = 4; lastKnownFileType = sourcecode.c.objc; path = WKWebViewJavascriptBridge.m; sourceTree = "<group>"; };
/* End PBXFileReference section */

/* Begin PBXFrameworksBuildPhase section */
		ADEF60DD1DC23D36008F8D27 /* Frameworks */ = {
			isa = PBXFrameworksBuildPhase;
			buildActionMask = 2147483647;
			files = (
			);
			runOnlyForDeploymentPostprocessing = 0;
		};
/* End PBXFrameworksBuildPhase section */

/* Begin PBXGroup section */
		ADEF60D71DC23D36008F8D27 = {
			isa = PBXGroup;
			children = (
				ADEF60E31DC23D36008F8D27 /* WebViewJavascriptBridgeFramework */,
				ADEF60E21DC23D36008F8D27 /* Products */,
			);
			sourceTree = "<group>";
		};
		ADEF60E21DC23D36008F8D27 /* Products */ = {
			isa = PBXGroup;
			children = (
				ADEF60E11DC23D36008F8D27 /* WebViewJavascriptBridgeFramework.framework */,
			);
			name = Products;
			sourceTree = "<group>";
		};
		ADEF60E31DC23D36008F8D27 /* WebViewJavascriptBridgeFramework */ = {
			isa = PBXGroup;
			children = (
				ADEF60E41DC23D36008F8D27 /* WebViewJavascriptBridgeFramework.h */,
				ADEF60EC1DC23D4B008F8D27 /* WebViewJavascriptBridge_JS.h */,
				ADEF60ED1DC23D4B008F8D27 /* WebViewJavascriptBridge_JS.m */,
				ADEF60EE1DC23D4B008F8D27 /* WebViewJavascriptBridge.h */,
				ADEF60EF1DC23D4B008F8D27 /* WebViewJavascriptBridge.m */,
				ADEF60F01DC23D4B008F8D27 /* WebViewJavascriptBridgeBase.h */,
				ADEF60F11DC23D4B008F8D27 /* WebViewJavascriptBridgeBase.m */,
				ADEF60F21DC23D4B008F8D27 /* WKWebViewJavascriptBridge.h */,
				ADEF60F31DC23D4B008F8D27 /* WKWebViewJavascriptBridge.m */,
				ADEF60E51DC23D36008F8D27 /* Info.plist */,
			);
			path = WebViewJavascriptBridgeFramework;
			sourceTree = "<group>";
		};
/* End PBXGroup section */

/* Begin PBXHeadersBuildPhase section */
		ADEF60DE1DC23D36008F8D27 /* Headers */ = {
			isa = PBXHeadersBuildPhase;
			buildActionMask = 2147483647;
			files = (
				ADEF60E61DC23D36008F8D27 /* WebViewJavascriptBridgeFramework.h in Headers */,
				ADEF60F61DC23D4B008F8D27 /* WebViewJavascriptBridge.h in Headers */,
				ADEF60FA1DC23D4B008F8D27 /* WKWebViewJavascriptBridge.h in Headers */,
				ADEF60F41DC23D4B008F8D27 /* WebViewJavascriptBridge_JS.h in Headers */,
				ADEF60F81DC23D4B008F8D27 /* WebViewJavascriptBridgeBase.h in Headers */,
			);
			runOnlyForDeploymentPostprocessing = 0;
		};
/* End PBXHeadersBuildPhase section */

/* Begin PBXNativeTarget section */
		ADEF60E01DC23D36008F8D27 /* WebViewJavascriptBridgeFramework */ = {
			isa = PBXNativeTarget;
			buildConfigurationList = ADEF60E91DC23D36008F8D27 /* Build configuration list for PBXNativeTarget "WebViewJavascriptBridgeFramework" */;
			buildPhases = (
				ADEF60DC1DC23D36008F8D27 /* Sources */,
				ADEF60DD1DC23D36008F8D27 /* Frameworks */,
				ADEF60DE1DC23D36008F8D27 /* Headers */,
				ADEF60DF1DC23D36008F8D27 /* Resources */,
				ADEF60FC1DC23ED3008F8D27 /* ShellScript */,
			);
			buildRules = (
			);
			dependencies = (
			);
			name = WebViewJavascriptBridgeFramework;
			productName = WebViewJavascriptBridgeFramework;
			productReference = ADEF60E11DC23D36008F8D27 /* WebViewJavascriptBridgeFramework.framework */;
			productType = "com.apple.product-type.framework";
		};
/* End PBXNativeTarget section */

/* Begin PBXProject section */
		ADEF60D81DC23D36008F8D27 /* Project object */ = {
			isa = PBXProject;
			attributes = {
				LastUpgradeCheck = 0800;
				ORGANIZATIONNAME = "Michel Bueno";
				TargetAttributes = {
					ADEF60E01DC23D36008F8D27 = {
						CreatedOnToolsVersion = 8.0;
						ProvisioningStyle = Automatic;
					};
				};
			};
			buildConfigurationList = ADEF60DB1DC23D36008F8D27 /* Build configuration list for PBXProject "WebViewJavascriptBridgeFramework" */;
			compatibilityVersion = "Xcode 3.2";
			developmentRegion = English;
			hasScannedForEncodings = 0;
			knownRegions = (
				en,
			);
			mainGroup = ADEF60D71DC23D36008F8D27;
			productRefGroup = ADEF60E21DC23D36008F8D27 /* Products */;
			projectDirPath = "";
			projectRoot = "";
			targets = (
				ADEF60E01DC23D36008F8D27 /* WebViewJavascriptBridgeFramework */,
			);
		};
/* End PBXProject section */

/* Begin PBXResourcesBuildPhase section */
		ADEF60DF1DC23D36008F8D27 /* Resources */ = {
			isa = PBXResourcesBuildPhase;
			buildActionMask = 2147483647;
			files = (
			);
			runOnlyForDeploymentPostprocessing = 0;
		};
/* End PBXResourcesBuildPhase section */

/* Begin PBXShellScriptBuildPhase section */
		ADEF60FC1DC23ED3008F8D27 /* ShellScript */ = {
			isa = PBXShellScriptBuildPhase;
			buildActionMask = 2147483647;
			files = (
			);
			inputPaths = (
			);
			outputPaths = (
			);
			runOnlyForDeploymentPostprocessing = 0;
			shellPath = /bin/sh;
			shellScript = "set -e\nset +u\n# Avoid recursively calling this script.\nif [[ $SF_MASTER_SCRIPT_RUNNING ]]\nthen\nexit 0\nfi\nset -u\nexport SF_MASTER_SCRIPT_RUNNING=1\n\n# Constants\nSF_TARGET_NAME=${PROJECT_NAME}\nUNIVERSAL_OUTPUTFOLDER=${BUILD_DIR}/${CONFIGURATION}-universal\n\n# Take build target\nif [[ \"$SDK_NAME\" =~ ([A-Za-z]+) ]]\nthen\nSF_SDK_PLATFORM=${BASH_REMATCH[1]}\nelse\necho \"Could not find platform name from SDK_NAME: $SDK_NAME\"\nexit 1\nfi\n\nif [[ \"$SF_SDK_PLATFORM\" = \"iphoneos\" ]]\nthen\necho \"Please choose iPhone simulator as the build target.\"\nexit 1\nfi\n\nIPHONE_DEVICE_BUILD_DIR=${BUILD_DIR}/${CONFIGURATION}-iphoneos\n\n# Build the other (non-simulator) platform\nxcodebuild -project \"${PROJECT_FILE_PATH}\" -target \"${TARGET_NAME}\" -configuration \"${CONFIGURATION}\" -sdk iphoneos BUILD_DIR=\"${BUILD_DIR}\" OBJROOT=\"${OBJROOT}\" BUILD_ROOT=\"${BUILD_ROOT}\" CONFIGURATION_BUILD_DIR=\"${IPHONE_DEVICE_BUILD_DIR}/arm64\" SYMROOT=\"${SYMROOT}\" ARCHS='arm64' VALID_ARCHS='arm64' $ACTION\n\nxcodebuild -project \"${PROJECT_FILE_PATH}\" -target \"${TARGET_NAME}\" -configuration \"${CONFIGURATION}\" -sdk iphoneos BUILD_DIR=\"${BUILD_DIR}\" OBJROOT=\"${OBJROOT}\" BUILD_ROOT=\"${BUILD_ROOT}\"  CONFIGURATION_BUILD_DIR=\"${IPHONE_DEVICE_BUILD_DIR}/armv7\" SYMROOT=\"${SYMROOT}\" ARCHS='armv7 armv7s' VALID_ARCHS='armv7 armv7s' $ACTION\n\n# Copy the framework structure to the universal folder (clean it first)\nrm -rf \"${UNIVERSAL_OUTPUTFOLDER}\"\nmkdir -p \"${UNIVERSAL_OUTPUTFOLDER}\"\ncp -R \"${BUILD_DIR}/${CONFIGURATION}-iphonesimulator/${PROJECT_NAME}.framework\" \"${UNIVERSAL_OUTPUTFOLDER}/${PROJECT_NAME}.framework\"\n\n# Smash them together to combine all architectures\nlipo -create  \"${BUILD_DIR}/${CONFIGURATION}-iphonesimulator/${PROJECT_NAME}.framework/${PROJECT_NAME}\" \"${BUILD_DIR}/${CONFIGURATION}-iphoneos/arm64/${PROJECT_NAME}.framework/${PROJECT_NAME}\" \"${BUILD_DIR}/${CONFIGURATION}-iphoneos/armv7/${PROJECT_NAME}.framework/${PROJECT_NAME}\" -output \"${UNIVERSAL_OUTPUTFOLDER}/${PROJECT_NAME}.framework/${PROJECT_NAME}\"";
		};
/* End PBXShellScriptBuildPhase section */

/* Begin PBXSourcesBuildPhase section */
		ADEF60DC1DC23D36008F8D27 /* Sources */ = {
			isa = PBXSourcesBuildPhase;
			buildActionMask = 2147483647;
			files = (
				ADEF60F51DC23D4B008F8D27 /* WebViewJavascriptBridge_JS.m in Sources */,
				ADEF60FB1DC23D4B008F8D27 /* WKWebViewJavascriptBridge.m in Sources */,
				ADEF60F91DC23D4B008F8D27 /* WebViewJavascriptBridgeBase.m in Sources */,
				ADEF60F71DC23D4B008F8D27 /* WebViewJavascriptBridge.m in Sources */,
			);
			runOnlyForDeploymentPostprocessing = 0;
		};
/* End PBXSourcesBuildPhase section */

/* Begin XCBuildConfiguration section */
		ADEF60E71DC23D36008F8D27 /* Debug */ = {
			isa = XCBuildConfiguration;
			buildSettings = {
				ALWAYS_SEARCH_USER_PATHS = NO;
				CLANG_ANALYZER_NONNULL = YES;
				CLANG_CXX_LANGUAGE_STANDARD = "gnu++0x";
				CLANG_CXX_LIBRARY = "libc++";
				CLANG_ENABLE_MODULES = YES;
				CLANG_ENABLE_OBJC_ARC = YES;
				CLANG_WARN_BOOL_CONVERSION = YES;
				CLANG_WARN_CONSTANT_CONVERSION = YES;
				CLANG_WARN_DIRECT_OBJC_ISA_USAGE = YES_ERROR;
				CLANG_WARN_DOCUMENTATION_COMMENTS = YES;
				CLANG_WARN_EMPTY_BODY = YES;
				CLANG_WARN_ENUM_CONVERSION = YES;
				CLANG_WARN_INFINITE_RECURSION = YES;
				CLANG_WARN_INT_CONVERSION = YES;
				CLANG_WARN_OBJC_ROOT_CLASS = YES_ERROR;
				CLANG_WARN_SUSPICIOUS_MOVES = YES;
				CLANG_WARN_UNREACHABLE_CODE = YES;
				CLANG_WARN__DUPLICATE_METHOD_MATCH = YES;
				"CODE_SIGN_IDENTITY[sdk=iphoneos*]" = "iPhone Developer";
				COPY_PHASE_STRIP = NO;
				CURRENT_PROJECT_VERSION = 1;
				DEBUG_INFORMATION_FORMAT = dwarf;
				ENABLE_STRICT_OBJC_MSGSEND = YES;
				ENABLE_TESTABILITY = YES;
				GCC_C_LANGUAGE_STANDARD = gnu99;
				GCC_DYNAMIC_NO_PIC = NO;
				GCC_NO_COMMON_BLOCKS = YES;
				GCC_OPTIMIZATION_LEVEL = 0;
				GCC_PREPROCESSOR_DEFINITIONS = (
					"DEBUG=1",
					"$(inherited)",
				);
				GCC_WARN_64_TO_32_BIT_CONVERSION = YES;
				GCC_WARN_ABOUT_RETURN_TYPE = YES_ERROR;
				GCC_WARN_UNDECLARED_SELECTOR = YES;
				GCC_WARN_UNINITIALIZED_AUTOS = YES_AGGRESSIVE;
				GCC_WARN_UNUSED_FUNCTION = YES;
				GCC_WARN_UNUSED_VARIABLE = YES;
				IPHONEOS_DEPLOYMENT_TARGET = 10.0;
				MTL_ENABLE_DEBUG_INFO = YES;
				ONLY_ACTIVE_ARCH = YES;
				SDKROOT = iphoneos;
				TARGETED_DEVICE_FAMILY = "1,2";
				VERSIONING_SYSTEM = "apple-generic";
				VERSION_INFO_PREFIX = "";
			};
			name = Debug;
		};
		ADEF60E81DC23D36008F8D27 /* Release */ = {
			isa = XCBuildConfiguration;
			buildSettings = {
				ALWAYS_SEARCH_USER_PATHS = NO;
				CLANG_ANALYZER_NONNULL = YES;
				CLANG_CXX_LANGUAGE_STANDARD = "gnu++0x";
				CLANG_CXX_LIBRARY = "libc++";
				CLANG_ENABLE_MODULES = YES;
				CLANG_ENABLE_OBJC_ARC = YES;
				CLANG_WARN_BOOL_CONVERSION = YES;
				CLANG_WARN_CONSTANT_CONVERSION = YES;
				CLANG_WARN_DIRECT_OBJC_ISA_USAGE = YES_ERROR;
				CLANG_WARN_DOCUMENTATION_COMMENTS = YES;
				CLANG_WARN_EMPTY_BODY = YES;
				CLANG_WARN_ENUM_CONVERSION = YES;
				CLANG_WARN_INFINITE_RECURSION = YES;
				CLANG_WARN_INT_CONVERSION = YES;
				CLANG_WARN_OBJC_ROOT_CLASS = YES_ERROR;
				CLANG_WARN_SUSPICIOUS_MOVES = YES;
				CLANG_WARN_UNREACHABLE_CODE = YES;
				CLANG_WARN__DUPLICATE_METHOD_MATCH = YES;
				"CODE_SIGN_IDENTITY[sdk=iphoneos*]" = "iPhone Developer";
				COPY_PHASE_STRIP = NO;
				CURRENT_PROJECT_VERSION = 1;
				DEBUG_INFORMATION_FORMAT = "dwarf-with-dsym";
				ENABLE_NS_ASSERTIONS = NO;
				ENABLE_STRICT_OBJC_MSGSEND = YES;
				GCC_C_LANGUAGE_STANDARD = gnu99;
				GCC_NO_COMMON_BLOCKS = YES;
				GCC_WARN_64_TO_32_BIT_CONVERSION = YES;
				GCC_WARN_ABOUT_RETURN_TYPE = YES_ERROR;
				GCC_WARN_UNDECLARED_SELECTOR = YES;
				GCC_WARN_UNINITIALIZED_AUTOS = YES_AGGRESSIVE;
				GCC_WARN_UNUSED_FUNCTION = YES;
				GCC_WARN_UNUSED_VARIABLE = YES;
				IPHONEOS_DEPLOYMENT_TARGET = 10.0;
				MTL_ENABLE_DEBUG_INFO = NO;
				SDKROOT = iphoneos;
				TARGETED_DEVICE_FAMILY = "1,2";
				VALIDATE_PRODUCT = YES;
				VERSIONING_SYSTEM = "apple-generic";
				VERSION_INFO_PREFIX = "";
			};
			name = Release;
		};
		ADEF60EA1DC23D36008F8D27 /* Debug */ = {
			isa = XCBuildConfiguration;
			buildSettings = {
				CODE_SIGN_IDENTITY = "";
				DEFINES_MODULE = YES;
				DYLIB_COMPATIBILITY_VERSION = 1;
				DYLIB_CURRENT_VERSION = 1;
				DYLIB_INSTALL_NAME_BASE = "@rpath";
				INFOPLIST_FILE = WebViewJavascriptBridgeFramework/Info.plist;
				INSTALL_PATH = "$(LOCAL_LIBRARY_DIR)/Frameworks";
				LD_RUNPATH_SEARCH_PATHS = "$(inherited) @executable_path/Frameworks @loader_path/Frameworks";
				PRODUCT_BUNDLE_IDENTIFIER = com.michelbueno.WebViewJavascriptBridgeFramework;
				PRODUCT_NAME = "$(TARGET_NAME)";
				SKIP_INSTALL = YES;
			};
			name = Debug;
		};
		ADEF60EB1DC23D36008F8D27 /* Release */ = {
			isa = XCBuildConfiguration;
			buildSettings = {
				CODE_SIGN_IDENTITY = "";
				DEFINES_MODULE = YES;
				DYLIB_COMPATIBILITY_VERSION = 1;
				DYLIB_CURRENT_VERSION = 1;
				DYLIB_INSTALL_NAME_BASE = "@rpath";
				INFOPLIST_FILE = WebViewJavascriptBridgeFramework/Info.plist;
				INSTALL_PATH = "$(LOCAL_LIBRARY_DIR)/Frameworks";
				LD_RUNPATH_SEARCH_PATHS = "$(inherited) @executable_path/Frameworks @loader_path/Frameworks";
				PRODUCT_BUNDLE_IDENTIFIER = com.michelbueno.WebViewJavascriptBridgeFramework;
				PRODUCT_NAME = "$(TARGET_NAME)";
				SKIP_INSTALL = YES;
			};
			name = Release;
		};
/* End XCBuildConfiguration section */

/* Begin XCConfigurationList section */
		ADEF60DB1DC23D36008F8D27 /* Build configuration list for PBXProject "WebViewJavascriptBridgeFramework" */ = {
			isa = XCConfigurationList;
			buildConfigurations = (
				ADEF60E71DC23D36008F8D27 /* Debug */,
				ADEF60E81DC23D36008F8D27 /* Release */,
			);
			defaultConfigurationIsVisible = 0;
			defaultConfigurationName = Release;
		};
		ADEF60E91DC23D36008F8D27 /* Build configuration list for PBXNativeTarget "WebViewJavascriptBridgeFramework" */ = {
			isa = XCConfigurationList;
			buildConfigurations = (
				ADEF60EA1DC23D36008F8D27 /* Debug */,
				ADEF60EB1DC23D36008F8D27 /* Release */,
			);
			defaultConfigurationIsVisible = 0;
		};
/* End XCConfigurationList section */
	};
	rootObject = ADEF60D81DC23D36008F8D27 /* Project object */;
}
